# This file is generated by running "yarn install" inside your project.
# Manual changes might be lost - proceed with caution!

__metadata:
  version: 6
  cacheKey: 8

"@playwright/test@npm:^1.25.0":
  version: 1.25.0
  resolution: "@playwright/test@npm:1.25.0"
  dependencies:
    "@types/node": "*"
    playwright-core: 1.25.0
  bin:
    playwright: cli.js
  checksum: 7694f2f342e5e24af2c4989d70c5e33385dcd56a253ee36b9cf317eb04d2f5b414f8f4d17d4e7f859b41ece8cd83ce88bf9dbb4f15dbebff8b0404f83202e6d2
  languageName: node
  linkType: hard

"@types/node@npm:*":
  version: 18.7.3
  resolution: "@types/node@npm:18.7.3"
  checksum: f51ed436a112235ac068d739b4823090a37b869cc186b64dd5c250dd285139c286990fcbeff2fb3ecba5d605fa885de4275247d332e5b96eafdfbb1da62e3ced
  languageName: node
  linkType: hard

"ansi-regex@npm:^5.0.1":
  version: 5.0.1
  resolution: "ansi-regex@npm:5.0.1"
  checksum: 2aa4bb54caf2d622f1afdad09441695af2a83aa3fe8b8afa581d205e57ed4261c183c4d3877cee25794443fde5876417d859c108078ab788d6af7e4fe52eb66b
  languageName: node
  linkType: hard

"ansi-styles@npm:^4.0.0":
  version: 4.3.0
  resolution: "ansi-styles@npm:4.3.0"
  dependencies:
    color-convert: ^2.0.1
  checksum: 513b44c3b2105dd14cc42a19271e80f386466c4be574bccf60b627432f9198571ebf4ab1e4c3ba17347658f4ee1711c163d574248c0c1cdc2d5917a0ad582ec4
  languageName: node
  linkType: hard

"cliui@npm:^7.0.2":
  version: 7.0.4
  resolution: "cliui@npm:7.0.4"
  dependencies:
    string-width: ^4.2.0
    strip-ansi: ^6.0.0
    wrap-ansi: ^7.0.0
  checksum: ce2e8f578a4813806788ac399b9e866297740eecd4ad1823c27fd344d78b22c5f8597d548adbcc46f0573e43e21e751f39446c5a5e804a12aace402b7a315d7f
  languageName: node
  linkType: hard

"color-convert@npm:^2.0.1":
  version: 2.0.1
  resolution: "color-convert@npm:2.0.1"
  dependencies:
    color-name: ~1.1.4
  checksum: 79e6bdb9fd479a205c71d89574fccfb22bd9053bd98c6c4d870d65c132e5e904e6034978e55b43d69fcaa7433af2016ee203ce76eeba9cfa554b373e7f7db336
  languageName: node
  linkType: hard

"color-name@npm:~1.1.4":
  version: 1.1.4
  resolution: "color-name@npm:1.1.4"
  checksum: b0445859521eb4021cd0fb0cc1a75cecf67fceecae89b63f62b201cca8d345baf8b952c966862a9d9a2632987d4f6581f0ec8d957dfacece86f0a7919316f610
  languageName: node
  linkType: hard

"colors@npm:^1.4.0":
  version: 1.4.0
  resolution: "colors@npm:1.4.0"
  checksum: 98aa2c2418ad87dedf25d781be69dc5fc5908e279d9d30c34d8b702e586a0474605b3a189511482b9d5ed0d20c867515d22749537f7bc546256c6014f3ebdcec
  languageName: node
  linkType: hard

"dotenv@npm:^16.0.1":
  version: 16.0.1
  resolution: "dotenv@npm:16.0.1"
  checksum: f459ffce07b977b7f15d8cc4ee69cdff77d4dd8c5dc8c85d2d485ee84655352c2415f9dd09d42b5b5985ced3be186130871b34e2f3e2569ebc72fbc2e8096792
  languageName: node
  linkType: hard

"emoji-regex@npm:^8.0.0":
  version: 8.0.0
  resolution: "emoji-regex@npm:8.0.0"
  checksum: d4c5c39d5a9868b5fa152f00cada8a936868fd3367f33f71be515ecee4c803132d11b31a6222b2571b1e5f7e13890156a94880345594d0ce7e3c9895f560f192
  languageName: node
  linkType: hard

"escalade@npm:^3.1.1":
  version: 3.1.1
  resolution: "escalade@npm:3.1.1"
  checksum: a3e2a99f07acb74b3ad4989c48ca0c3140f69f923e56d0cba0526240ee470b91010f9d39001f2a4a313841d237ede70a729e92125191ba5d21e74b106800b133
  languageName: node
  linkType: hard

"get-caller-file@npm:^2.0.5":
  version: 2.0.5
  resolution: "get-caller-file@npm:2.0.5"
  checksum: b9769a836d2a98c3ee734a88ba712e62703f1df31b94b784762c433c27a386dd6029ff55c2a920c392e33657d80191edbf18c61487e198844844516f843496b9
  languageName: node
  linkType: hard

"is-fullwidth-code-point@npm:^3.0.0":
  version: 3.0.0
  resolution: "is-fullwidth-code-point@npm:3.0.0"
  checksum: 44a30c29457c7fb8f00297bce733f0a64cd22eca270f83e58c105e0d015e45c019491a4ab2faef91ab51d4738c670daff901c799f6a700e27f7314029e99e348
  languageName: node
  linkType: hard

"linkedin@workspace:.":
  version: 0.0.0-use.local
  resolution: "linkedin@workspace:."
  dependencies:
    "@playwright/test": ^1.25.0
    colors: ^1.4.0
    dotenv: ^16.0.1
    lodash: ^4.17.21
    parse-address: ^1.1.2
    playwright: ^1.25.0
    yaml: ^2.1.1
    yargs: ^17.5.1
  languageName: unknown
  linkType: soft

"lodash@npm:^4.17.21":
  version: 4.17.21
  resolution: "lodash@npm:4.17.21"
  checksum: eb835a2e51d381e561e508ce932ea50a8e5a68f4ebdd771ea240d3048244a8d13658acbd502cd4829768c56f2e16bdd4340b9ea141297d472517b83868e677f7
  languageName: node
  linkType: hard

"parse-address@npm:^1.1.2":
  version: 1.1.2
  resolution: "parse-address@npm:1.1.2"
  dependencies:
    xregexp: ^3.1.1
  checksum: ad2cc221fb2a9d98131265a95d2b912f5e5a0bbc69e4b3dc14b478497c621f56a48eb74554a273406cb4c8676d75619dcd2b4c7e052e5c4287989ba8e7fd342e
  languageName: node
  linkType: hard

"playwright-core@npm:1.25.0":
  version: 1.25.0
  resolution: "playwright-core@npm:1.25.0"
  bin:
    playwright: cli.js
  checksum: 78a9c8857428c8e9fe3a2061672a2e9ce0106afec473281d3a6389ec29918fd1d29c9d2792edde90bfd92c4477151fbd2d8f9f5061fbddaf8c6995a91c9cf2de
  languageName: node
  linkType: hard

"playwright@npm:^1.25.0":
  version: 1.25.0
  resolution: "playwright@npm:1.25.0"
  dependencies:
    playwright-core: 1.25.0
  bin:
    playwright: cli.js
  checksum: f2a0c32d463dbc4a36c1c5e56f67a4daa3a9ab7cf4267453b561d677654cc69e6c8e18ae739cd112fd765e51311cf273c8c1d26d90d9880ff21c2b24c1edccae
  languageName: node
  linkType: hard

"require-directory@npm:^2.1.1":
  version: 2.1.1
  resolution: "require-directory@npm:2.1.1"
  checksum: fb47e70bf0001fdeabdc0429d431863e9475e7e43ea5f94ad86503d918423c1543361cc5166d713eaa7029dd7a3d34775af04764bebff99ef413111a5af18c80
  languageName: node
  linkType: hard

"string-width@npm:^4.1.0, string-width@npm:^4.2.0, string-width@npm:^4.2.3":
  version: 4.2.3
  resolution: "string-width@npm:4.2.3"
  dependencies:
    emoji-regex: ^8.0.0
    is-fullwidth-code-point: ^3.0.0
    strip-ansi: ^6.0.1
  checksum: e52c10dc3fbfcd6c3a15f159f54a90024241d0f149cf8aed2982a2d801d2e64df0bf1dc351cf8e95c3319323f9f220c16e740b06faecd53e2462df1d2b5443fb
  languageName: node
  linkType: hard

"strip-ansi@npm:^6.0.0, strip-ansi@npm:^6.0.1":
  version: 6.0.1
  resolution: "strip-ansi@npm:6.0.1"
  dependencies:
    ansi-regex: ^5.0.1
  checksum: f3cd25890aef3ba6e1a74e20896c21a46f482e93df4a06567cebf2b57edabb15133f1f94e57434e0a958d61186087b1008e89c94875d019910a213181a14fc8c
  languageName: node
  linkType: hard

"wrap-ansi@npm:^7.0.0":
  version: 7.0.0
  resolution: "wrap-ansi@npm:7.0.0"
  dependencies:
    ansi-styles: ^4.0.0
    string-width: ^4.1.0
    strip-ansi: ^6.0.0
  checksum: a790b846fd4505de962ba728a21aaeda189b8ee1c7568ca5e817d85930e06ef8d1689d49dbf0e881e8ef84436af3a88bc49115c2e2788d841ff1b8b5b51a608b
  languageName: node
  linkType: hard

"xregexp@npm:^3.1.1":
  version: 3.2.0
  resolution: "xregexp@npm:3.2.0"
  checksum: 21bde05dfec7cea64229436c3c20640c68227d023227a08face023d849281b01ddaf327c6bbed1fc35209d7b7556e978f5f17b83915b7171c694c65ea5b7706f
  languageName: node
  linkType: hard

"y18n@npm:^5.0.5":
  version: 5.0.8
  resolution: "y18n@npm:5.0.8"
  checksum: 54f0fb95621ee60898a38c572c515659e51cc9d9f787fb109cef6fde4befbe1c4602dc999d30110feee37456ad0f1660fa2edcfde6a9a740f86a290999550d30
  languageName: node
  linkType: hard

"yaml@npm:^2.1.1":
  version: 2.1.1
  resolution: "yaml@npm:2.1.1"
  checksum: f48bb209918aa57cfaf78ef6448d1a1f8187f45c746f933268b7023dc59e5456004611879126c9bb5ea55b0a2b1c2b392dfde436931ece0c703a3d754562bb96
  languageName: node
  linkType: hard

"yargs-parser@npm:^21.0.0":
  version: 21.1.1
  resolution: "yargs-parser@npm:21.1.1"
  checksum: ed2d96a616a9e3e1cc7d204c62ecc61f7aaab633dcbfab2c6df50f7f87b393993fe6640d017759fe112d0cb1e0119f2b4150a87305cc873fd90831c6a58ccf1c
  languageName: node
  linkType: hard

"yargs@npm:^17.5.1":
  version: 17.5.1
  resolution: "yargs@npm:17.5.1"
  dependencies:
    cliui: ^7.0.2
    escalade: ^3.1.1
    get-caller-file: ^2.0.5
    require-directory: ^2.1.1
    string-width: ^4.2.3
    y18n: ^5.0.5
    yargs-parser: ^21.0.0
  checksum: 00d58a2c052937fa044834313f07910fd0a115dec5ee35919e857eeee3736b21a4eafa8264535800ba8bac312991ce785ecb8a51f4d2cc8c4676d865af1cfbde
  languageName: node
  linkType: hard
